
Microsoft Visual Studio Solution File, Format Version 12.00
# Visual Studio Version 17
VisualStudioVersion = 17.3.32825.248
MinimumVisualStudioVersion = 10.0.40219.1
Project("{9A19103F-16F7-4668-BE54-9A1E7A4F7556}") = "Assignment1 Prog n tech", "Assignment1 Prog n tech\Assignment1 Prog n tech.csproj", "{191CCA55-C4B1-4A98-AFE9-18269B5BB1E6}"
EndProject
Project("{FAE04EC0-301F-11D3-BF4B-00C04F79EFBC}") = "Assignment1 Prog n techTests1", "Assignment1 Prog n techTests1\Assignment1 Prog n techTests1.csproj", "{51BF3726-3913-422A-A674-9E6736DD6568}"
EndProject
Global
	GlobalSection(SolutionConfigurationPlatforms) = preSolution
		Debug|Any CPU = Debug|Any CPU
		Release|Any CPU = Release|Any CPU
	EndGlobalSection
	GlobalSection(ProjectConfigurationPlatforms) = postSolution
		{191CCA55-C4B1-4A98-AFE9-18269B5BB1E6}.Debug|Any CPU.ActiveCfg = Debug|Any CPU
		{191CCA55-C4B1-4A98-AFE9-18269B5BB1E6}.Debug|Any CPU.Build.0 = Debug|Any CPU
		{191CCA55-C4B1-4A98-AFE9-18269B5BB1E6}.Release|Any CPU.ActiveCfg = Release|Any CPU
		{191CCA55-C4B1-4A98-AFE9-18269B5BB1E6}.Release|Any CPU.Build.0 = Release|Any CPU
		{51BF3726-3913-422A-A674-9E6736DD6568}.Debug|Any CPU.ActiveCfg = Debug|Any CPU
		{51BF3726-3913-422A-A674-9E6736DD6568}.Debug|Any CPU.Build.0 = Debug|Any CPU
		{51BF3726-3913-422A-A674-9E6736DD6568}.Release|Any CPU.ActiveCfg = Release|Any CPU
		{51BF3726-3913-422A-A674-9E6736DD6568}.Release|Any CPU.Build.0 = Release|Any CPU
	EndGlobalSection
	GlobalSection(SolutionProperties) = preSolution
		HideSolutionNode = FALSE
	EndGlobalSection
	GlobalSection(ExtensibilityGlobals) = postSolution
		SolutionGuid = {0C533224-C296-48B6-A238-B292CB0BC976}
	EndGlobalSection
EndGlobal
